PODS:
  - ACPCore (2.9.3):
    - ACPCore/main (= 2.9.3)
  - ACPCore/main (2.9.3)
  - ACPUserProfile (2.2.0):
    - ACPCore (>= 2.9.0)
    - ACPUserProfile/xcframeworks (= 2.2.0)
  - ACPUserProfile/xcframeworks (2.2.0):
    - ACPCore (>= 2.9.0)
  - Flutter (1.0.0)
  - flutter_acpcore (0.0.1):
    - ACPCore (~> 2.5)
    - Flutter
  - flutter_acpuserprofile (1.0.1):
    - ACPUserProfile
    - Flutter

DEPENDENCIES:
  - Flutter (from `Flutter`)
  - flutter_acpcore (from `.symlinks/plugins/flutter_acpcore/ios`)
  - flutter_acpuserprofile (from `.symlinks/plugins/flutter_acpuserprofile/ios`)

SPEC REPOS:
  trunk:
    - ACPCore
    - ACPUserProfile

EXTERNAL SOURCES:
  Flutter:
    :path: Flutter
  flutter_acpcore:
    :path: ".symlinks/plugins/flutter_acpcore/ios"
  flutter_acpuserprofile:
    :path: ".symlinks/plugins/flutter_acpuserprofile/ios"

SPEC CHECKSUMS:
  ACPCore: 5f00fcf7aba597b29b359e4c14f7f4f1f95503f3
  ACPUserProfile: 34bd51d00a2ae1add3d04eab0a313b73cb01b904
  Flutter: 434fef37c0980e73bb6479ef766c45957d4b510c
  flutter_acpcore: 781971fcbde815f237f85a4fb33539ffee53ab5d
  flutter_acpuserprofile: a6d25197f25f252ccf9eec2426e48ccb90e2bcc3

PODFILE CHECKSUM: 8e679eca47255a8ca8067c4c67aab20e64cb974d

COCOAPODS: 1.10.1
